
Microsoft Visual Studio Solution File, Format Version 12.00
# Visual Studio Version 17
VisualStudioVersion = 17.5.33502.453
MinimumVisualStudioVersion = 10.0.40219.1
Project("{FAE04EC0-301F-11D3-BF4B-00C04F79EFBC}") = "TF2ModDownloader", "TF2ModDownloader.csproj", "{87DEB1C3-068E-4E46-B66C-82CA05CA071B}"
EndProject
Global
	GlobalSection(SolutionConfigurationPlatforms) = preSolution
		Debug|Any CPU = Debug|Any CPU
		Release|Any CPU = Release|Any CPU
	EndGlobalSection
	GlobalSection(ProjectConfigurationPlatforms) = postSolution
		{87DEB1C3-068E-4E46-B66C-82CA05CA071B}.Debug|Any CPU.ActiveCfg = Debug|Any CPU
		{87DEB1C3-068E-4E46-B66C-82CA05CA071B}.Debug|Any CPU.Build.0 = Debug|Any CPU
		{87DEB1C3-068E-4E46-B66C-82CA05CA071B}.Release|Any CPU.ActiveCfg = Release|Any CPU
		{87DEB1C3-068E-4E46-B66C-82CA05CA071B}.Release|Any CPU.Build.0 = Release|Any CPU
	EndGlobalSection
	GlobalSection(SolutionProperties) = preSolution
		HideSolutionNode = FALSE
	EndGlobalSection
	GlobalSection(ExtensibilityGlobals) = postSolution
		SolutionGuid = {73B9B8A8-D02F-41F6-B555-A0E675C989CE}
	EndGlobalSection
EndGlobal
